<?xml version="1.0" encoding="utf-8"?>
<Project ToolsVersion="4.0" xmlns="http://schemas.microsoft.com/developer/msbuild/2003">
  <ItemGroup>
    <Filter Include="Source Files">
      <UniqueIdentifier>{4FC737F1-C7A5-4376-A066-2A32D752A2FF}</UniqueIdentifier>
      <Extensions>cpp;c;cc;cxx;c++;cppm;ixx;def;odl;idl;hpj;bat;asm;asmx</Extensions>
    </Filter>
    <Filter Include="Source Files\Agent Base Class">
      <UniqueIdentifier>{d138eeca-e4cc-4a83-ad6e-d627a33e458e}</UniqueIdentifier>
    </Filter>
    <Filter Include="Source Files\Item Base Class">
      <UniqueIdentifier>{22bcb639-c6b9-447e-bbbe-9478d6367a84}</UniqueIdentifier>
    </Filter>
    <Filter Include="Source Files\Other">
      <UniqueIdentifier>{c10bc609-7566-4abb-95af-550bce006fd4}</UniqueIdentifier>
    </Filter>
    <Filter Include="Source Files\Npc Base Class">
      <UniqueIdentifier>{6bd2757f-f9fe-4ad9-b913-8cbbf6131c02}</UniqueIdentifier>
    </Filter>
  </ItemGroup>
  <ItemGroup>
    <ClCompile Include="Main.cpp">
      <Filter>Source Files</Filter>
    </ClCompile>
    <ClCompile Include="Item.cpp">
      <Filter>Source Files\Item Base Class</Filter>
    </ClCompile>
    <ClCompile Include="Weapon.cpp">
      <Filter>Source Files\Item Base Class</Filter>
    </ClCompile>
    <ClCompile Include="Agent.cpp">
      <Filter>Source Files\Agent Base Class</Filter>
    </ClCompile>
    <ClCompile Include="Player.cpp">
      <Filter>Source Files\Agent Base Class</Filter>
    </ClCompile>
    <ClCompile Include="Enemy.cpp">
      <Filter>Source Files\Agent Base Class</Filter>
    </ClCompile>
    <ClCompile Include="Goblin.cpp">
      <Filter>Source Files\Agent Base Class</Filter>
    </ClCompile>
    <ClCompile Include="StackableItem.cpp">
      <Filter>Source Files\Item Base Class</Filter>
    </ClCompile>
    <ClCompile Include="Room.cpp">
      <Filter>Source Files\Other</Filter>
    </ClCompile>
    <ClCompile Include="Npc.cpp">
      <Filter>Source Files\Npc Base Class</Filter>
    </ClCompile>
    <ClCompile Include="Merchant.cpp">
      <Filter>Source Files\Npc Base Class</Filter>
    </ClCompile>
  </ItemGroup>
  <ItemGroup>
    <ClInclude Include="Item.h">
      <Filter>Source Files\Item Base Class</Filter>
    </ClInclude>
    <ClInclude Include="Weapon.h">
      <Filter>Source Files\Item Base Class</Filter>
    </ClInclude>
    <ClInclude Include="Agent.h">
      <Filter>Source Files\Agent Base Class</Filter>
    </ClInclude>
    <ClInclude Include="Player.h">
      <Filter>Source Files\Agent Base Class</Filter>
    </ClInclude>
    <ClInclude Include="Enemy.h">
      <Filter>Source Files\Agent Base Class</Filter>
    </ClInclude>
    <ClInclude Include="Goblin.h">
      <Filter>Source Files\Agent Base Class</Filter>
    </ClInclude>
    <ClInclude Include="StackableItem.h">
      <Filter>Source Files\Item Base Class</Filter>
    </ClInclude>
    <ClInclude Include="Room.h">
      <Filter>Source Files\Other</Filter>
    </ClInclude>
    <ClInclude Include="Definitions.h">
      <Filter>Source Files\Other</Filter>
    </ClInclude>
    <ClInclude Include="Npc.h">
      <Filter>Source Files\Npc Base Class</Filter>
    </ClInclude>
    <ClInclude Include="Merchant.h">
      <Filter>Source Files\Npc Base Class</Filter>
    </ClInclude>
    <ClInclude Include="EffectENUM.h">
      <Filter>Source Files\Other</Filter>
    </ClInclude>
  </ItemGroup>
</Project>